
Microsoft Visual Studio Solution File, Format Version 12.00
# Visual Studio Version 18
VisualStudioVersion = 18.0.11205.157 d18.0
MinimumVisualStudioVersion = 10.0.40219.1
Project("{FAE04EC0-301F-11D3-BF4B-00C04F79EFBC}") = "RouteScout.Payments", "RouteScout.Payments\RouteScout.Payments.csproj", "{5B760791-D0C3-4700-A477-50F7E17442AC}"
EndProject
Project("{FAE04EC0-301F-11D3-BF4B-00C04F79EFBC}") = "RouteScout.Web.Server", "RouteScout.Web\RouteScout.Web.Server\RouteScout.Web.Server.csproj", "{3AC4191E-C8E3-473F-AF25-1AC34C5C7EA5}"
EndProject
Project("{54A90642-561A-4BB1-A94E-469ADEE60C69}") = "routescout.web.client", "RouteScout.Web\routescout.web.client\routescout.web.client.esproj", "{168C4159-4DCC-4C58-B754-B98C0DAA6F4F}"
EndProject
Project("{FAE04EC0-301F-11D3-BF4B-00C04F79EFBC}") = "RouteScout.AddressWashing", "RouteScout.AddressWashing\RouteScout.AddressWashing.csproj", "{641694CB-68A8-47B0-B27C-85B712CCDE5C}"
EndProject
Project("{FAE04EC0-301F-11D3-BF4B-00C04F79EFBC}") = "RouteScout.Routes", "RouteScout.Routes\RouteScout.Routes.csproj", "{3F7F7680-ED37-B46C-29B7-71567A33774C}"
EndProject
Global
	GlobalSection(SolutionConfigurationPlatforms) = preSolution
		Debug|Any CPU = Debug|Any CPU
		Release|Any CPU = Release|Any CPU
	EndGlobalSection
	GlobalSection(ProjectConfigurationPlatforms) = postSolution
		{5B760791-D0C3-4700-A477-50F7E17442AC}.Debug|Any CPU.ActiveCfg = Debug|Any CPU
		{5B760791-D0C3-4700-A477-50F7E17442AC}.Debug|Any CPU.Build.0 = Debug|Any CPU
		{5B760791-D0C3-4700-A477-50F7E17442AC}.Release|Any CPU.ActiveCfg = Release|Any CPU
		{5B760791-D0C3-4700-A477-50F7E17442AC}.Release|Any CPU.Build.0 = Release|Any CPU
		{3AC4191E-C8E3-473F-AF25-1AC34C5C7EA5}.Debug|Any CPU.ActiveCfg = Debug|Any CPU
		{3AC4191E-C8E3-473F-AF25-1AC34C5C7EA5}.Debug|Any CPU.Build.0 = Debug|Any CPU
		{3AC4191E-C8E3-473F-AF25-1AC34C5C7EA5}.Release|Any CPU.ActiveCfg = Release|Any CPU
		{3AC4191E-C8E3-473F-AF25-1AC34C5C7EA5}.Release|Any CPU.Build.0 = Release|Any CPU
		{168C4159-4DCC-4C58-B754-B98C0DAA6F4F}.Debug|Any CPU.ActiveCfg = Debug|Any CPU
		{168C4159-4DCC-4C58-B754-B98C0DAA6F4F}.Debug|Any CPU.Build.0 = Debug|Any CPU
		{168C4159-4DCC-4C58-B754-B98C0DAA6F4F}.Debug|Any CPU.Deploy.0 = Debug|Any CPU
		{168C4159-4DCC-4C58-B754-B98C0DAA6F4F}.Release|Any CPU.ActiveCfg = Release|Any CPU
		{168C4159-4DCC-4C58-B754-B98C0DAA6F4F}.Release|Any CPU.Build.0 = Release|Any CPU
		{168C4159-4DCC-4C58-B754-B98C0DAA6F4F}.Release|Any CPU.Deploy.0 = Release|Any CPU
		{641694CB-68A8-47B0-B27C-85B712CCDE5C}.Debug|Any CPU.ActiveCfg = Debug|Any CPU
		{641694CB-68A8-47B0-B27C-85B712CCDE5C}.Debug|Any CPU.Build.0 = Debug|Any CPU
		{641694CB-68A8-47B0-B27C-85B712CCDE5C}.Release|Any CPU.ActiveCfg = Release|Any CPU
		{641694CB-68A8-47B0-B27C-85B712CCDE5C}.Release|Any CPU.Build.0 = Release|Any CPU
		{3F7F7680-ED37-B46C-29B7-71567A33774C}.Debug|Any CPU.ActiveCfg = Debug|Any CPU
		{3F7F7680-ED37-B46C-29B7-71567A33774C}.Debug|Any CPU.Build.0 = Debug|Any CPU
		{3F7F7680-ED37-B46C-29B7-71567A33774C}.Release|Any CPU.ActiveCfg = Release|Any CPU
		{3F7F7680-ED37-B46C-29B7-71567A33774C}.Release|Any CPU.Build.0 = Release|Any CPU
	EndGlobalSection
	GlobalSection(SolutionProperties) = preSolution
		HideSolutionNode = FALSE
	EndGlobalSection
	GlobalSection(ExtensibilityGlobals) = postSolution
		SolutionGuid = {78AEA837-BCE0-4033-9D2A-A7D0E0C3CF29}
	EndGlobalSection
EndGlobal
